{
  "name": "day-19",
  "lockfileVersion": 3,
  "requires": true,
  "packages": {
    "": {
      "dependencies": {
        "@solana-program/system": "^0.13.0",
        "@solana/kit": "^7.1.0"
      }
    },
    "node_modules/@solana-program/system": {
      "version": "0.13.0",
      "resolved": "https://registry.npmjs.org/@solana-program/system/-/system-0.13.0.tgz",
      "integrity": "sha512-Id6QQxCG7ByImXPD5X/c3Ag2kySD+49aJ9waIkfxyUFyokhMQgxYQAx2rKuaygaBlaBQY6VVfBS46pqxZV+99A==",
      "license": "Apache-2.0",
      "peerDependencies": {
        "@solana/kit": "^7.0.0"
      }
    },
    "node_modules/@solana/accounts": {
      "version": "7.1.0",
      "resolved": "https://registry.npmjs.org/@solana/accounts/-/accounts-7.1.0.tgz",
      "integrity": "sha512-0Vp2advYsTb7eb0jZveXZJaux6OSYcI3nitwoXOTZzCuzjbIjiHI/bpn3CcqfKBPW/1dnCIWAW7VW1otqH0a1w==",
      "license": "MIT",
      "dependencies": {
        "@solana/addresses": "7.1.0",
        "@solana/codecs-core": "7.1.0",
        "@solana/codecs-strings": "7.1.0",
        "@solana/errors": "7.1.0",
        "@solana/rpc-spec": "7.1.0",
        "@solana/rpc-types": "7.1.0"
      },
      "engines": {
        "node": ">=20.18.0"
      },
      "peerDependencies": {
        "typescript": ">=5.4.0"
      },
      "peerDependenciesMeta": {
        "typescript": {
          "optional": true
        }
      }
    },
    "node_modules/@solana/addresses": {
      "version": "7.1.0",
      "resolved": "https://registry.npmjs.org/@solana/addresses/-/addresses-7.1.0.tgz",
      "integrity": "sha512-kA/aav0TdyhrXCG6VCGG/fTuGu4ix5UW2PxtsbpBdZcyi+3TznLS1xKzIZBzqn0DL0q6HKdud6Ene7DWZDH1lw==",
      "license": "MIT",
      "dependencies": {
        "@solana/assertions": "7.1.0",
        "@solana/codecs-core": "7.1.0",
        "@solana/codecs-strings": "7.1.0",
        "@solana/errors": "7.1.0",
        "@solana/nominal-types": "7.1.0"
      },
      "engines": {
        "node": ">=20.18.0"
      },
      "peerDependencies": {
        "typescript": ">=5.4.0"
      },
      "peerDependenciesMeta": {
        "typescript": {
          "optional": true
        }
      }
    },
    "node_modules/@solana/assertions": {
      "version": "7.1.0",
      "resolved": "https://registry.npmjs.org/@solana/assertions/-/assertions-7.1.0.tgz",
      "integrity": "sha512-LD9+fhZb/xBECl27gfxDEX+qyj4PRV6700RJuprJWNMvGd8v0eoO0N+0QwnopK7o7O4w3DaW9/a3jH+iiwEqzw==",
      "license": "MIT",
      "dependencies": {
        "@solana/errors": "7.1.0"
      },
      "engines": {
        "node": ">=20.18.0"
      },
      "peerDependencies": {
        "typescript": ">=5.4.0"
      },
      "peerDependenciesMeta": {
        "typescript": {
          "optional": true
        }
      }
    },
    "node_modules/@solana/codecs": {
      "version": "7.1.0",
      "resolved": "https://registry.npmjs.org/@solana/codecs/-/codecs-7.1.0.tgz",
      "integrity": "sha512-4M1MgIiRX46qMUnrUjVnRnTxETmCZ7VLWddMdf+t6y3aVsMzz8kd9ngH7NloFhHtnAO0n3qJjs2rdgx/Dxd3Zg==",
      "license": "MIT",
      "dependencies": {
        "@solana/codecs-core": "7.1.0",
        "@solana/codecs-data-structures": "7.1.0",
        "@solana/codecs-numbers": "7.1.0",
        "@solana/codecs-strings": "7.1.0",
        "@solana/fixed-points": "7.1.0",
        "@solana/options": "7.1.0"
      },
      "engines": {
        "node": ">=20.18.0"
      },
      "peerDependencies": {
        "typescript": ">=5.4.0"
      },
      "peerDependenciesMeta": {
        "typescript": {
          "optional": true
        }
      }
    },
    "node_modules/@solana/codecs-core": {
      "version": "7.1.0",
      "resolved": "https://registry.npmjs.org/@solana/codecs-core/-/codecs-core-7.1.0.tgz",
      "integrity": "sha512-pl1gCCvviKekrijEDieZ1ps3LjC6ova2pZ/ZBXEJJa46nF7M0hwdZe/KzbMxKQ8WtT/WqW8Uyh6JQt8IJcMgRw==",
      "license": "MIT",
      "dependencies": {
        "@solana/errors": "7.1.0"
      },
      "engines": {
        "node": ">=20.18.0"
      },
      "peerDependencies": {
        "typescript": ">=5.4.0"
      },
      "peerDependenciesMeta": {
        "typescript": {
          "optional": true
        }
      }
    },
    "node_modules/@solana/codecs-data-structures": {
      "version": "7.1.0",
      "resolved": "https://registry.npmjs.org/@solana/codecs-data-structures/-/codecs-data-structures-7.1.0.tgz",
      "integrity": "sha512-yCwyXCD1qtj0qJwCLQVS9aojKDio7t8kqXQVhLfasYFsckvecK+OObkoILkBXBJVmpOXI8nRYwNAb63+CvJo/g==",
      "license": "MIT",
      "dependencies": {
        "@solana/codecs-core": "7.1.0",
        "@solana/codecs-numbers": "7.1.0",
        "@solana/errors": "7.1.0"
      },
      "engines": {
        "node": ">=20.18.0"
      },
      "peerDependencies": {
        "typescript": ">=5.4.0"
      },
      "peerDependenciesMeta": {
        "typescript": {
          "optional": true
        }
      }
    },
    "node_modules/@solana/codecs-numbers": {
      "version": "7.1.0",
      "resolved": "https://registry.npmjs.org/@solana/codecs-numbers/-/codecs-numbers-7.1.0.tgz",
      "integrity": "sha512-Hfw5OXx7tbSJ4iQ0r1ar6D+7XixkX8K36ni9cHDrunpiTo9SLIE0Lzj9/889aPNv4J4JggW1bpqzcrz3RI/o5g==",
      "license": "MIT",
      "dependencies": {
        "@solana/codecs-core": "7.1.0",
        "@solana/errors": "7.1.0"
      },
      "engines": {
        "node": ">=20.18.0"
      },
      "peerDependencies": {
        "typescript": ">=5.4.0"
      },
      "peerDependenciesMeta": {
        "typescript": {
          "optional": true
        }
      }
    },
    "node_modules/@solana/codecs-strings": {
      "version": "7.1.0",
      "resolved": "https://registry.npmjs.org/@solana/codecs-strings/-/codecs-strings-7.1.0.tgz",
      "integrity": "sha512-YIv/XVDYTzkYiFRdbjK6tI1BUKNlV1ta5hl9oK6+CoCDZn7nECfAN96KPYs94jzbN5VgMgbEqi6tlQcdy5KuCg==",
      "license": "MIT",
      "dependencies": {
        "@solana/codecs-core": "7.1.0",
        "@solana/codecs-numbers": "7.1.0",
        "@solana/errors": "7.1.0"
      },
      "engines": {
        "node": ">=20.18.0"
      },
      "peerDependencies": {
        "fastestsmallesttextencoderdecoder": "^1.0.22",
        "typescript": ">=5.4.0"
      },
      "peerDependenciesMeta": {
        "fastestsmallesttextencoderdecoder": {
          "optional": true
        },
        "typescript": {
          "optional": true
        }
      }
    },
    "node_modules/@solana/errors": {
      "version": "7.1.0",
      "resolved": "https://registry.npmjs.org/@solana/errors/-/errors-7.1.0.tgz",
      "integrity": "sha512-sJ0mM6SHN7fa6auHARRAGjjDpkFzhx6jmgHZAjliC/xADMfI2IYrTnAwguRV9dVBOsEHicylIXszvsyRb6BmEw==",
      "license": "MIT",
      "dependencies": {
        "chalk": "5.6.2",
        "commander": "15.0.0"
      },
      "bin": {
        "errors": "bin/cli.mjs"
      },
      "engines": {
        "node": ">=20.18.0"
      },
      "peerDependencies": {
        "typescript": ">=5.4.0"
      },
      "peerDependenciesMeta": {
        "typescript": {
          "optional": true
        }
      }
    },
    "node_modules/@solana/fast-stable-stringify": {
      "version": "7.1.0",
      "resolved": "https://registry.npmjs.org/@solana/fast-stable-stringify/-/fast-stable-stringify-7.1.0.tgz",
      "integrity": "sha512-DV35b2DoqFwQlO7acwi0WG47oLSORGep7/lTkd/VrCB/MdM0J5TggQ0gRqc9v3ORBDQHcOYmMx6ym4Obqd1EFg==",
      "license": "MIT",
      "engines": {
        "node": ">=20.18.0"
      },
      "peerDependencies": {
        "typescript": ">=5.4.0"
      },
      "peerDependenciesMeta": {
        "typescript": {
          "optional": true
        }
      }
    },
    "node_modules/@solana/fixed-points": {
      "version": "7.1.0",
      "resolved": "https://registry.npmjs.org/@solana/fixed-points/-/fixed-points-7.1.0.tgz",
      "integrity": "sha512-xyVO7h8woz53L5dz9pV5akdf/EcluEvtV85cYtca1pp0ZpdcdnGQ2yve3mN/GuOEb+Ixzthrew2p0c5h9w4Bhg==",
      "license": "MIT",
      "dependencies": {
        "@solana/codecs-core": "7.1.0",
        "@solana/errors": "7.1.0"
      },
      "engines": {
        "node": ">=20.18.0"
      },
      "peerDependencies": {
        "typescript": ">=5.4.0"
      },
      "peerDependenciesMeta": {
        "typescript": {
          "optional": true
        }
      }
    },
    "node_modules/@solana/functional": {
      "version": "7.1.0",
      "resolved": "https://registry.npmjs.org/@solana/functional/-/functional-7.1.0.tgz",
      "integrity": "sha512-1yfUFHkeMvrD/6yTDu3op3CgWIfr1KAvHo3XQL6yBvz0miEbiQ6tAEZbrwHpudES43sG8ZvlgrkL0Oiu5KwC9g==",
      "license": "MIT",
      "engines": {
        "node": ">=20.18.0"
      },
      "peerDependencies": {
        "typescript": ">=5.4.0"
      },
      "peerDependenciesMeta": {
        "typescript": {
          "optional": true
        }
      }
    },
    "node_modules/@solana/instruction-plans": {
      "version": "7.1.0",
      "resolved": "https://registry.npmjs.org/@solana/instruction-plans/-/instruction-plans-7.1.0.tgz",
      "integrity": "sha512-Ug7YSchE8Oq8PsaKYlr8IH0woYjmAgi7JdVwd1wtE1pReHvufH63WUsE6B6guqIkQPxiLZL/tmODzKas2zlVtA==",
      "license": "MIT",
      "dependencies": {
        "@solana/errors": "7.1.0",
        "@solana/instructions": "7.1.0",
        "@solana/keys": "7.1.0",
        "@solana/promises": "7.1.0",
        "@solana/transaction-messages": "7.1.0",
        "@solana/transactions": "7.1.0"
      },
      "engines": {
        "node": ">=20.18.0"
      },
      "peerDependencies": {
        "typescript": ">=5.4.0"
      },
      "peerDependenciesMeta": {
        "typescript": {
          "optional": true
        }
      }
    },
    "node_modules/@solana/instructions": {
      "version": "7.1.0",
      "resolved": "https://registry.npmjs.org/@solana/instructions/-/instructions-7.1.0.tgz",
      "integrity": "sha512-KnXUtSIbKCUjlposzfikAO3qSVliOSoMBzglQYSn3e0x0PpJ2MsVH6tzzI6v124YVhs0OSs5wFwYjENTedPgcg==",
      "license": "MIT",
      "dependencies": {
        "@solana/codecs-core": "7.1.0",
        "@solana/errors": "7.1.0"
      },
      "engines": {
        "node": ">=20.18.0"
      },
      "peerDependencies": {
        "typescript": ">=5.4.0"
      },
      "peerDependenciesMeta": {
        "typescript": {
          "optional": true
        }
      }
    },
    "node_modules/@solana/keys": {
      "version": "7.1.0",
      "resolved": "https://registry.npmjs.org/@solana/keys/-/keys-7.1.0.tgz",
      "integrity": "sha512-BGRkTPeBIKPojwVEdYaBXtLMQ0fp8xtQiRxDhOSyYpd1bz52K4bmvrugVtSqfjWLVO+I8SRZGpSZq2G5+DgR1Q==",
      "license": "MIT",
      "dependencies": {
        "@solana/assertions": "7.1.0",
        "@solana/codecs-core": "7.1.0",
        "@solana/codecs-strings": "7.1.0",
        "@solana/errors": "7.1.0",
        "@solana/nominal-types": "7.1.0",
        "@solana/promises": "7.1.0"
      },
      "engines": {
        "node": ">=20.18.0"
      },
      "peerDependencies": {
        "typescript": ">=5.4.0"
      },
      "peerDependenciesMeta": {
        "typescript": {
          "optional": true
        }
      }
    },
    "node_modules/@solana/kit": {
      "version": "7.1.0",
      "resolved": "https://registry.npmjs.org/@solana/kit/-/kit-7.1.0.tgz",
      "integrity": "sha512-UvzQhbn7ITjoBIinGz7rrdPSfkE8/bl+c6TISTLOXiW5hZw16mKOAkK28duP6bJutgQ57L0oJ4HYu5BTzAznOg==",
      "license": "MIT",
      "dependencies": {
        "@solana/accounts": "7.1.0",
        "@solana/addresses": "7.1.0",
        "@solana/codecs": "7.1.0",
        "@solana/errors": "7.1.0",
        "@solana/functional": "7.1.0",
        "@solana/instruction-plans": "7.1.0",
        "@solana/instructions": "7.1.0",
        "@solana/keys": "7.1.0",
        "@solana/offchain-messages": "7.1.0",
        "@solana/plugin-core": "7.1.0",
        "@solana/plugin-interfaces": "7.1.0",
        "@solana/program-client-core": "7.1.0",
        "@solana/programs": "7.1.0",
        "@solana/promises": "7.1.0",
        "@solana/rpc": "7.1.0",
        "@solana/rpc-api": "7.1.0",
        "@solana/rpc-parsed-types": "7.1.0",
        "@solana/rpc-spec-types": "7.1.0",
        "@solana/rpc-subscriptions": "7.1.0",
        "@solana/rpc-types": "7.1.0",
        "@solana/signers": "7.1.0",
        "@solana/subscribable": "7.1.0",
        "@solana/sysvars": "7.1.0",
        "@solana/transaction-confirmation": "7.1.0",
        "@solana/transaction-introspection": "7.1.0",
        "@solana/transaction-messages": "7.1.0",
        "@solana/transactions": "7.1.0"
      },
      "engines": {
        "node": ">=20.18.0"
      },
      "peerDependencies": {
        "typescript": ">=5.4.0"
      },
      "peerDependenciesMeta": {
        "typescript": {
          "optional": true
        }
      }
    },
    "node_modules/@solana/nominal-types": {
      "version": "7.1.0",
      "resolved": "https://registry.npmjs.org/@solana/nominal-types/-/nominal-types-7.1.0.tgz",
      "integrity": "sha512-oN+gGAqBnGc/iGIq5i4Q/+VFyTqbh0wpLnWTtMbFpXmevrdX3IPPBW5Z76ysZtTtv+M4Ha64kqc2upLJBUGM0A==",
      "license": "MIT",
      "engines": {
        "node": ">=20.18.0"
      },
      "peerDependencies": {
        "typescript": ">=5.4.0"
      },
      "peerDependenciesMeta": {
        "typescript": {
          "optional": true
        }
      }
    },
    "node_modules/@solana/offchain-messages": {
      "version": "7.1.0",
      "resolved": "https://registry.npmjs.org/@solana/offchain-messages/-/offchain-messages-7.1.0.tgz",
      "integrity": "sha512-nQBqXNLjDvUybc6oRS936gHLGzKwKy9fSlUV4OPo1mLG5V8TcW+jhCc1UOJdmfj0FYDDq5rzqmFTVK4yEu7brw==",
      "license": "MIT",
      "dependencies": {
        "@solana/addresses": "7.1.0",
        "@solana/codecs-core": "7.1.0",
        "@solana/codecs-data-structures": "7.1.0",
        "@solana/codecs-numbers": "7.1.0",
        "@solana/codecs-strings": "7.1.0",
        "@solana/errors": "7.1.0",
        "@solana/keys": "7.1.0",
        "@solana/nominal-types": "7.1.0"
      },
      "engines": {
        "node": ">=20.18.0"
      },
      "peerDependencies": {
        "typescript": ">=5.4.0"
      },
      "peerDependenciesMeta": {
        "typescript": {
          "optional": true
        }
      }
    },
    "node_modules/@solana/options": {
      "version": "7.1.0",
      "resolved": "https://registry.npmjs.org/@solana/options/-/options-7.1.0.tgz",
      "integrity": "sha512-6Z6NYrnDB7qQXE7liHVpf0+5ytJogNw6QGsO8On/csX4f5WGBLxeP0JJQNnkOvuTrBkUMEq6YtTFxp4/Plqx9A==",
      "license": "MIT",
      "dependencies": {
        "@solana/codecs-core": "7.1.0",
        "@solana/codecs-data-structures": "7.1.0",
        "@solana/codecs-numbers": "7.1.0",
        "@solana/codecs-strings": "7.1.0",
        "@solana/errors": "7.1.0"
      },
      "engines": {
        "node": ">=20.18.0"
      },
      "peerDependencies": {
        "typescript": ">=5.4.0"
      },
      "peerDependenciesMeta": {
        "typescript": {
          "optional": true
        }
      }
    },
    "node_modules/@solana/plugin-core": {
      "version": "7.1.0",
      "resolved": "https://registry.npmjs.org/@solana/plugin-core/-/plugin-core-7.1.0.tgz",
      "integrity": "sha512-2UhReZOhFoUMcYz+72EDM3UIrrONZBpP8uhofPKNDmKPslDuJHc8q4RRlO1llGgrfV6dMIsk9j8uV4q3DjWu5g==",
      "license": "MIT",
      "engines": {
        "node": ">=20.18.0"
      },
      "peerDependencies": {
        "typescript": ">=5.4.0"
      },
      "peerDependenciesMeta": {
        "typescript": {
          "optional": true
        }
      }
    },
    "node_modules/@solana/plugin-interfaces": {
      "version": "7.1.0",
      "resolved": "https://registry.npmjs.org/@solana/plugin-interfaces/-/plugin-interfaces-7.1.0.tgz",
      "integrity": "sha512-5QXBy1RnbWmHRCIDZRZ0W2lMnWEw65lw9X+geJmiEfbLnTPKZdpYe+5YSClz26RMcp8X2ETovkgp0E8y0Zz0yg==",
      "license": "MIT",
      "dependencies": {
        "@solana/accounts": "7.1.0",
        "@solana/addresses": "7.1.0",
        "@solana/instruction-plans": "7.1.0",
        "@solana/keys": "7.1.0",
        "@solana/rpc-spec": "7.1.0",
        "@solana/rpc-subscriptions-spec": "7.1.0",
        "@solana/rpc-types": "7.1.0",
        "@solana/signers": "7.1.0"
      },
      "engines": {
        "node": ">=20.18.0"
      },
      "peerDependencies": {
        "typescript": ">=5.4.0"
      },
      "peerDependenciesMeta": {
        "typescript": {
          "optional": true
        }
      }
    },
    "node_modules/@solana/program-client-core": {
      "version": "7.1.0",
      "resolved": "https://registry.npmjs.org/@solana/program-client-core/-/program-client-core-7.1.0.tgz",
      "integrity": "sha512-81CmiYVovOElru2E7ZpBg3aAaCOdgEB4FqRatxr3EUKcP8xzsM/gti7sZxmZCd6wyLLAQQokNxpLYBjspC4ZEw==",
      "license": "MIT",
      "dependencies": {
        "@solana/accounts": "7.1.0",
        "@solana/addresses": "7.1.0",
        "@solana/codecs-core": "7.1.0",
        "@solana/errors": "7.1.0",
        "@solana/instruction-plans": "7.1.0",
        "@solana/instructions": "7.1.0",
        "@solana/plugin-interfaces": "7.1.0",
        "@solana/rpc-api": "7.1.0",
        "@solana/signers": "7.1.0"
      },
      "engines": {
        "node": ">=20.18.0"
      },
      "peerDependencies": {
        "typescript": ">=5.4.0"
      },
      "peerDependenciesMeta": {
        "typescript": {
          "optional": true
        }
      }
    },
    "node_modules/@solana/programs": {
      "version": "7.1.0",
      "resolved": "https://registry.npmjs.org/@solana/programs/-/programs-7.1.0.tgz",
      "integrity": "sha512-SiHIxX4lbHD36tOFNWyE9T984+yq9X+EOhxg3P2LKDg7nZep9F6L7Qhgw4R+aXF/Zqpy2q8XzO7NYLeT6piQ3g==",
      "license": "MIT",
      "dependencies": {
        "@solana/addresses": "7.1.0",
        "@solana/errors": "7.1.0"
      },
      "engines": {
        "node": ">=20.18.0"
      },
      "peerDependencies": {
        "typescript": ">=5.4.0"
      },
      "peerDependenciesMeta": {
        "typescript": {
          "optional": true
        }
      }
    },
    "node_modules/@solana/promises": {
      "version": "7.1.0",
      "resolved": "https://registry.npmjs.org/@solana/promises/-/promises-7.1.0.tgz",
      "integrity": "sha512-4I0tTa0Peh9U6cEJUR3Y0VyQneFGA2C8dL+sw00Dtfr/4hVGr03wmjHUq6CcCiH6e7WqNuznNKsqahe3BgrOMg==",
      "license": "MIT",
      "engines": {
        "node": ">=20.18.0"
      },
      "peerDependencies": {
        "typescript": ">=5.4.0"
      },
      "peerDependenciesMeta": {
        "typescript": {
          "optional": true
        }
      }
    },
    "node_modules/@solana/rpc": {
      "version": "7.1.0",
      "resolved": "https://registry.npmjs.org/@solana/rpc/-/rpc-7.1.0.tgz",
      "integrity": "sha512-K9PvA39IQ+Z5/GYuDv4xXDPwk1KAPegnMu97b999yH09lBfsWpkHTGCCmNNy7bJAD346IQ/90/KgIbB/YnMEkw==",
      "license": "MIT",
      "dependencies": {
        "@solana/errors": "7.1.0",
        "@solana/fast-stable-stringify": "7.1.0",
        "@solana/functional": "7.1.0",
        "@solana/rpc-api": "7.1.0",
        "@solana/rpc-spec": "7.1.0",
        "@solana/rpc-spec-types": "7.1.0",
        "@solana/rpc-transformers": "7.1.0",
        "@solana/rpc-transport-http": "7.1.0",
        "@solana/rpc-types": "7.1.0"
      },
      "engines": {
        "node": ">=20.18.0"
      },
      "peerDependencies": {
        "typescript": ">=5.4.0"
      },
      "peerDependenciesMeta": {
        "typescript": {
          "optional": true
        }
      }
    },
    "node_modules/@solana/rpc-api": {
      "version": "7.1.0",
      "resolved": "https://registry.npmjs.org/@solana/rpc-api/-/rpc-api-7.1.0.tgz",
      "integrity": "sha512-mluuAalyk5mfdi2lnPLDCPj6RElgZ0DCaNZmQZhnVM0SabvWxpBIzvTYqmy56Z/b9yiycfkVG3h6ISMZMddNuA==",
      "license": "MIT",
      "dependencies": {
        "@solana/addresses": "7.1.0",
        "@solana/codecs-core": "7.1.0",
        "@solana/codecs-strings": "7.1.0",
        "@solana/errors": "7.1.0",
        "@solana/keys": "7.1.0",
        "@solana/rpc-parsed-types": "7.1.0",
        "@solana/rpc-spec": "7.1.0",
        "@solana/rpc-transformers": "7.1.0",
        "@solana/rpc-types": "7.1.0",
        "@solana/transaction-messages": "7.1.0",
        "@solana/transactions": "7.1.0"
      },
      "engines": {
        "node": ">=20.18.0"
      },
      "peerDependencies": {
        "typescript": ">=5.4.0"
      },
      "peerDependenciesMeta": {
        "typescript": {
          "optional": true
        }
      }
    },
    "node_modules/@solana/rpc-parsed-types": {
      "version": "7.1.0",
      "resolved": "https://registry.npmjs.org/@solana/rpc-parsed-types/-/rpc-parsed-types-7.1.0.tgz",
      "integrity": "sha512-WVHfz/VmqZpPbpyTgqz6W4Yk1rKa7tfjSqa77KbWi+yXDzZ+Oha+bAscXxY/yg/w6auu7/JY5+t7Qd0qIjrGmQ==",
      "license": "MIT",
      "engines": {
        "node": ">=20.18.0"
      },
      "peerDependencies": {
        "typescript": ">=5.4.0"
      },
      "peerDependenciesMeta": {
        "typescript": {
          "optional": true
        }
      }
    },
    "node_modules/@solana/rpc-spec": {
      "version": "7.1.0",
      "resolved": "https://registry.npmjs.org/@solana/rpc-spec/-/rpc-spec-7.1.0.tgz",
      "integrity": "sha512-vmFN/HNK0bUV+sDPqs7+NV/orY23PByWN82J1Q4PFZKCOCnyFO/A06pd/MCVuPjmcaJ62xFhTcORrit6dTQL3A==",
      "license": "MIT",
      "dependencies": {
        "@solana/errors": "7.1.0",
        "@solana/rpc-spec-types": "7.1.0",
        "@solana/subscribable": "7.1.0"
      },
      "engines": {
        "node": ">=20.18.0"
      },
      "peerDependencies": {
        "typescript": ">=5.4.0"
      },
      "peerDependenciesMeta": {
        "typescript": {
          "optional": true
        }
      }
    },
    "node_modules/@solana/rpc-spec-types": {
      "version": "7.1.0",
      "resolved": "https://registry.npmjs.org/@solana/rpc-spec-types/-/rpc-spec-types-7.1.0.tgz",
      "integrity": "sha512-nEKJARQq8x9YQB/TBptw99bNU9KsmsObu51VleXwTi+PCowHbU7yaNad1lxg81iiX9Z4Lwvvo4c5UdVA4xkYFQ==",
      "license": "MIT",
      "dependencies": {
        "@solana/errors": "7.1.0"
      },
      "engines": {
        "node": ">=20.18.0"
      },
      "peerDependencies": {
        "typescript": ">=5.4.0"
      },
      "peerDependenciesMeta": {
        "typescript": {
          "optional": true
        }
      }
    },
    "node_modules/@solana/rpc-subscriptions": {
      "version": "7.1.0",
      "resolved": "https://registry.npmjs.org/@solana/rpc-subscriptions/-/rpc-subscriptions-7.1.0.tgz",
      "integrity": "sha512-Vjs6d1AagH9r52smhX9zxSwprPKvqsWw8XFmvtGbUNI5lxtX1W4TIukscpXiau7dqe6zH6q6cfs9UtuOgY5sXA==",
      "license": "MIT",
      "dependencies": {
        "@solana/errors": "7.1.0",
        "@solana/fast-stable-stringify": "7.1.0",
        "@solana/functional": "7.1.0",
        "@solana/promises": "7.1.0",
        "@solana/rpc-spec-types": "7.1.0",
        "@solana/rpc-subscriptions-api": "7.1.0",
        "@solana/rpc-subscriptions-channel-websocket": "7.1.0",
        "@solana/rpc-subscriptions-spec": "7.1.0",
        "@solana/rpc-transformers": "7.1.0",
        "@solana/rpc-types": "7.1.0",
        "@solana/subscribable": "7.1.0"
      },
      "engines": {
        "node": ">=20.18.0"
      },
      "peerDependencies": {
        "typescript": ">=5.4.0"
      },
      "peerDependenciesMeta": {
        "typescript": {
          "optional": true
        }
      }
    },
    "node_modules/@solana/rpc-subscriptions-api": {
      "version": "7.1.0",
      "resolved": "https://registry.npmjs.org/@solana/rpc-subscriptions-api/-/rpc-subscriptions-api-7.1.0.tgz",
      "integrity": "sha512-lzi8sPWuMyT89/L1ebY+MTzOma/6vsRdFTFcY5pe4pO4Sfi59j4p+HeYUu/NS0E6+/7Ng3BHFeTtuKD6QkhPDg==",
      "license": "MIT",
      "dependencies": {
        "@solana/addresses": "7.1.0",
        "@solana/keys": "7.1.0",
        "@solana/rpc-subscriptions-spec": "7.1.0",
        "@solana/rpc-transformers": "7.1.0",
        "@solana/rpc-types": "7.1.0",
        "@solana/transaction-messages": "7.1.0",
        "@solana/transactions": "7.1.0"
      },
      "engines": {
        "node": ">=20.18.0"
      },
      "peerDependencies": {
        "typescript": ">=5.4.0"
      },
      "peerDependenciesMeta": {
        "typescript": {
          "optional": true
        }
      }
    },
    "node_modules/@solana/rpc-subscriptions-channel-websocket": {
      "version": "7.1.0",
      "resolved": "https://registry.npmjs.org/@solana/rpc-subscriptions-channel-websocket/-/rpc-subscriptions-channel-websocket-7.1.0.tgz",
      "integrity": "sha512-eW0JCgwSM7YV1YKkZN4rtfIGhh5WSJkCf2+JV1wscF6Zn4hK/9kr8MJ0Y0LWtoDMIuX0W3RCJnYG4T/Pcm1v6w==",
      "license": "MIT",
      "dependencies": {
        "@solana/errors": "7.1.0",
        "@solana/functional": "7.1.0",
        "@solana/rpc-subscriptions-spec": "7.1.0",
        "@solana/subscribable": "7.1.0",
        "ws": "^8.21.0"
      },
      "engines": {
        "node": ">=20.18.0"
      },
      "peerDependencies": {
        "typescript": ">=5.4.0"
      },
      "peerDependenciesMeta": {
        "typescript": {
          "optional": true
        }
      }
    },
    "node_modules/@solana/rpc-subscriptions-spec": {
      "version": "7.1.0",
      "resolved": "https://registry.npmjs.org/@solana/rpc-subscriptions-spec/-/rpc-subscriptions-spec-7.1.0.tgz",
      "integrity": "sha512-f+s6qIzUHxUTyoZoOvz2uw8Y6tYyUefLxxJtavMZEDXEjsAQ0Zv+yhmPZ5tQCo1JyHGS6EKvaw9AjxVC68NHDA==",
      "license": "MIT",
      "dependencies": {
        "@solana/errors": "7.1.0",
        "@solana/promises": "7.1.0",
        "@solana/rpc-spec-types": "7.1.0",
        "@solana/subscribable": "7.1.0"
      },
      "engines": {
        "node": ">=20.18.0"
      },
      "peerDependencies": {
        "typescript": ">=5.4.0"
      },
      "peerDependenciesMeta": {
        "typescript": {
          "optional": true
        }
      }
    },
    "node_modules/@solana/rpc-transformers": {
      "version": "7.1.0",
      "resolved": "https://registry.npmjs.org/@solana/rpc-transformers/-/rpc-transformers-7.1.0.tgz",
      "integrity": "sha512-3sSO13m25IkkS1mXnWFZYwgSOSturEGFQMIs37vdqgiJFAYJjmossOozE+fqOY0CI1oebyURhm5gM86ATuHDYw==",
      "license": "MIT",
      "dependencies": {
        "@solana/errors": "7.1.0",
        "@solana/functional": "7.1.0",
        "@solana/nominal-types": "7.1.0",
        "@solana/rpc-spec-types": "7.1.0",
        "@solana/rpc-types": "7.1.0"
      },
      "engines": {
        "node": ">=20.18.0"
      },
      "peerDependencies": {
        "typescript": ">=5.4.0"
      },
      "peerDependenciesMeta": {
        "typescript": {
          "optional": true
        }
      }
    },
    "node_modules/@solana/rpc-transport-http": {
      "version": "7.1.0",
      "resolved": "https://registry.npmjs.org/@solana/rpc-transport-http/-/rpc-transport-http-7.1.0.tgz",
      "integrity": "sha512-9zT58Ahfhd/sdYNMKvVOmPLpIMsdrZOrJlnuK0nmB+D8KWbqswDUV46H2HGxRFjvGgKep/CtOSx4RM+kt14ezQ==",
      "license": "MIT",
      "dependencies": {
        "@solana/errors": "7.1.0",
        "@solana/rpc-spec": "7.1.0",
        "@solana/rpc-spec-types": "7.1.0",
        "undici-types": "^8.10.0"
      },
      "engines": {
        "node": ">=20.18.0"
      },
      "peerDependencies": {
        "typescript": ">=5.4.0"
      },
      "peerDependenciesMeta": {
        "typescript": {
          "optional": true
        }
      }
    },
    "node_modules/@solana/rpc-types": {
      "version": "7.1.0",
      "resolved": "https://registry.npmjs.org/@solana/rpc-types/-/rpc-types-7.1.0.tgz",
      "integrity": "sha512-pZO8+EroeRv7kb/d42qQeKHvUmm5tBvH0tXe8Kl2QkqG9+BCZ8NXXd+K7GbYWfVz3XtYmV3W/1B67s1DnzRldQ==",
      "license": "MIT",
      "dependencies": {
        "@solana/addresses": "7.1.0",
        "@solana/codecs-core": "7.1.0",
        "@solana/codecs-numbers": "7.1.0",
        "@solana/codecs-strings": "7.1.0",
        "@solana/errors": "7.1.0",
        "@solana/fixed-points": "7.1.0",
        "@solana/nominal-types": "7.1.0"
      },
      "engines": {
        "node": ">=20.18.0"
      },
      "peerDependencies": {
        "typescript": ">=5.4.0"
      },
      "peerDependenciesMeta": {
        "typescript": {
          "optional": true
        }
      }
    },
    "node_modules/@solana/signers": {
      "version": "7.1.0",
      "resolved": "https://registry.npmjs.org/@solana/signers/-/signers-7.1.0.tgz",
      "integrity": "sha512-sGGEOhPQLn+M9Y5QF3BgzAh9ECoq+XxIOUhyEpCSoUB725oMerir7lgsuyHvSkANhnoGnVxMhy/3b9wzVIazig==",
      "license": "MIT",
      "dependencies": {
        "@solana/addresses": "7.1.0",
        "@solana/codecs-core": "7.1.0",
        "@solana/errors": "7.1.0",
        "@solana/instructions": "7.1.0",
        "@solana/keys": "7.1.0",
        "@solana/nominal-types": "7.1.0",
        "@solana/offchain-messages": "7.1.0",
        "@solana/transaction-messages": "7.1.0",
        "@solana/transactions": "7.1.0"
      },
      "engines": {
        "node": ">=20.18.0"
      },
      "peerDependencies": {
        "typescript": ">=5.4.0"
      },
      "peerDependenciesMeta": {
        "typescript": {
          "optional": true
        }
      }
    },
    "node_modules/@solana/subscribable": {
      "version": "7.1.0",
      "resolved": "https://registry.npmjs.org/@solana/subscribable/-/subscribable-7.1.0.tgz",
      "integrity": "sha512-8YnZV34WRN/AHP1B2XUlLIkINI9AYGcv1lqc2pFswS4VEL0c4iXyCfCXg9D1FM/obEhlU73h+ZJK4deg8yasgA==",
      "license": "MIT",
      "dependencies": {
        "@solana/errors": "7.1.0",
        "@solana/promises": "7.1.0"
      },
      "engines": {
        "node": ">=20.18.0"
      },
      "peerDependencies": {
        "typescript": ">=5.4.0"
      },
      "peerDependenciesMeta": {
        "typescript": {
          "optional": true
        }
      }
    },
    "node_modules/@solana/sysvars": {
      "version": "7.1.0",
      "resolved": "https://registry.npmjs.org/@solana/sysvars/-/sysvars-7.1.0.tgz",
      "integrity": "sha512-8UZsIsHS0JcYTy41QK9eewWj34mSkahsgD5TQPk/M69W34ElQOLKLkooj4iwXdnV2tMlNniKMIDoIQUhGCfhZw==",
      "license": "MIT",
      "dependencies": {
        "@solana/accounts": "7.1.0",
        "@solana/codecs-core": "7.1.0",
        "@solana/codecs-data-structures": "7.1.0",
        "@solana/codecs-numbers": "7.1.0",
        "@solana/errors": "7.1.0",
        "@solana/rpc-types": "7.1.0"
      },
      "engines": {
        "node": ">=20.18.0"
      },
      "peerDependencies": {
        "typescript": ">=5.4.0"
      },
      "peerDependenciesMeta": {
        "typescript": {
          "optional": true
        }
      }
    },
    "node_modules/@solana/transaction-confirmation": {
      "version": "7.1.0",
      "resolved": "https://registry.npmjs.org/@solana/transaction-confirmation/-/transaction-confirmation-7.1.0.tgz",
      "integrity": "sha512-IZd2eEvhIdIaIkZAd6ugeTLB1f8pB5iwu+NmSk2vH0FUGVf3wJui8NzZyj/8+5a6Ps2WUa79JIIizVdvIOzV8A==",
      "license": "MIT",
      "dependencies": {
        "@solana/addresses": "7.1.0",
        "@solana/codecs-strings": "7.1.0",
        "@solana/errors": "7.1.0",
        "@solana/keys": "7.1.0",
        "@solana/promises": "7.1.0",
        "@solana/rpc": "7.1.0",
        "@solana/rpc-subscriptions": "7.1.0",
        "@solana/rpc-types": "7.1.0",
        "@solana/transaction-messages": "7.1.0",
        "@solana/transactions": "7.1.0"
      },
      "engines": {
        "node": ">=20.18.0"
      },
      "peerDependencies": {
        "typescript": ">=5.4.0"
      },
      "peerDependenciesMeta": {
        "typescript": {
          "optional": true
        }
      }
    },
    "node_modules/@solana/transaction-introspection": {
      "version": "7.1.0",
      "resolved": "https://registry.npmjs.org/@solana/transaction-introspection/-/transaction-introspection-7.1.0.tgz",
      "integrity": "sha512-AKev/afwQpkTjjNPUsYrZ7lwI76wNiZGy5T5m9FBhVrncg8evMjUHhVrnTvLTLkqMGuVgteR2BH9e2S+igwxPg==",
      "license": "MIT",
      "dependencies": {
        "@solana/addresses": "7.1.0",
        "@solana/codecs-core": "7.1.0",
        "@solana/codecs-strings": "7.1.0",
        "@solana/errors": "7.1.0",
        "@solana/instructions": "7.1.0",
        "@solana/rpc-types": "7.1.0",
        "@solana/transaction-messages": "7.1.0",
        "@solana/transactions": "7.1.0"
      },
      "engines": {
        "node": ">=20.18.0"
      },
      "peerDependencies": {
        "typescript": ">=5.4.0"
      },
      "peerDependenciesMeta": {
        "typescript": {
          "optional": true
        }
      }
    },
    "node_modules/@solana/transaction-messages": {
      "version": "7.1.0",
      "resolved": "https://registry.npmjs.org/@solana/transaction-messages/-/transaction-messages-7.1.0.tgz",
      "integrity": "sha512-5JKj7mCppHBzJQF67n5YVaPR3nLNe5+sbgJcSbD2woyR7pdUhjNYyzG2HFeWDghbROpQzy9Dy7Km9iTjw3ry5A==",
      "license": "MIT",
      "dependencies": {
        "@solana/addresses": "7.1.0",
        "@solana/codecs-core": "7.1.0",
        "@solana/codecs-data-structures": "7.1.0",
        "@solana/codecs-numbers": "7.1.0",
        "@solana/errors": "7.1.0",
        "@solana/functional": "7.1.0",
        "@solana/instructions": "7.1.0",
        "@solana/nominal-types": "7.1.0",
        "@solana/rpc-types": "7.1.0"
      },
      "engines": {
        "node": ">=20.18.0"
      },
      "peerDependencies": {
        "typescript": ">=5.4.0"
      },
      "peerDependenciesMeta": {
        "typescript": {
          "optional": true
        }
      }
    },
    "node_modules/@solana/transactions": {
      "version": "7.1.0",
      "resolved": "https://registry.npmjs.org/@solana/transactions/-/transactions-7.1.0.tgz",
      "integrity": "sha512-J/31jUwrbmJkk4vHnyenbF8iz2dHnhTW0HEzOp86YzVHbm171g5ujL1mmOP4nh8r/UA6xH4QbEJ4kTrID6cN5w==",
      "license": "MIT",
      "dependencies": {
        "@solana/addresses": "7.1.0",
        "@solana/codecs-core": "7.1.0",
        "@solana/codecs-data-structures": "7.1.0",
        "@solana/codecs-numbers": "7.1.0",
        "@solana/codecs-strings": "7.1.0",
        "@solana/errors": "7.1.0",
        "@solana/functional": "7.1.0",
        "@solana/instructions": "7.1.0",
        "@solana/keys": "7.1.0",
        "@solana/nominal-types": "7.1.0",
        "@solana/rpc-types": "7.1.0",
        "@solana/transaction-messages": "7.1.0"
      },
      "engines": {
        "node": ">=20.18.0"
      },
      "peerDependencies": {
        "typescript": ">=5.4.0"
      },
      "peerDependenciesMeta": {
        "typescript": {
          "optional": true
        }
      }
    },
    "node_modules/chalk": {
      "version": "5.6.2",
      "resolved": "https://registry.npmjs.org/chalk/-/chalk-5.6.2.tgz",
      "integrity": "sha512-7NzBL0rN6fMUW+f7A6Io4h40qQlG+xGmtMxfbnH/K7TAtt8JQWVQK+6g0UXKMeVJoyV5EkkNsErQ8pVD3bLHbA==",
      "license": "MIT",
      "engines": {
        "node": "^12.17.0 || ^14.13 || >=16.0.0"
      },
      "funding": {
        "url": "https://github.com/chalk/chalk?sponsor=1"
      }
    },
    "node_modules/commander": {
      "version": "15.0.0",
      "resolved": "https://registry.npmjs.org/commander/-/commander-15.0.0.tgz",
      "integrity": "sha512-z67u4ZhzCL/Tydu1lJARtEZYWbWaN7oYLHbsuzocr6y4N6WZAagG3RQ4FW61V1/0+jImpj293XfrcYnd1qxtPg==",
      "license": "MIT",
      "engines": {
        "node": ">=22.12.0"
      }
    },
    "node_modules/undici-types": {
      "version": "8.10.0",
      "resolved": "https://registry.npmjs.org/undici-types/-/undici-types-8.10.0.tgz",
      "integrity": "sha512-ibvdovq3nCFs8Msrd95BW+zUOq+aOVbT+wpHUoPWhztbHEoPc6oof51iFDB6Es8lTKvNvVW9jNSAB8dwrKTMGg==",
      "license": "MIT"
    },
    "node_modules/ws": {
      "version": "8.21.3",
      "resolved": "https://registry.npmjs.org/ws/-/ws-8.21.3.tgz",
      "integrity": "sha512-201TZ/kPWxoPr/OKWjquZR1SWKXcvxdH+e1xrx89b3YbmzLMFCLfnaG1HFIgWzJOEWZ7MvpK++odZufgYR50Rw==",
      "license": "MIT",
      "engines": {
        "node": ">=10.0.0"
      },
      "peerDependencies": {
        "bufferutil": "^4.0.1",
        "utf-8-validate": ">=5.0.2"
      },
      "peerDependenciesMeta": {
        "bufferutil": {
          "optional": true
        },
        "utf-8-validate": {
          "optional": true
        }
      }
    }
  }
}
